
Microsoft Visual Studio Solution File, Format Version 12.00
# Visual Studio Version 17
VisualStudioVersion = 17.11.35222.181
MinimumVisualStudioVersion = 10.0.40219.1
Project("{FAE04EC0-301F-11D3-BF4B-00C04F79EFBC}") = "MauiBlazorHotKeys2PublishBug", "MauiBlazorHotKeys2PublishBug\MauiBlazorHotKeys2PublishBug.csproj", "{06D71D15-78A4-4619-A2AF-AEED888B0C0F}"
EndProject
Project("{FAE04EC0-301F-11D3-BF4B-00C04F79EFBC}") = "WixSharpSetup", "WixSharpSetup\WixSharpSetup.csproj", "{671A2410-EC65-4343-BCC2-750B0D112AA8}"
EndProject
Global
	GlobalSection(SolutionConfigurationPlatforms) = preSolution
		Debug|Any CPU = Debug|Any CPU
		Release|Any CPU = Release|Any CPU
	EndGlobalSection
	GlobalSection(ProjectConfigurationPlatforms) = postSolution
		{06D71D15-78A4-4619-A2AF-AEED888B0C0F}.Debug|Any CPU.ActiveCfg = Debug|Any CPU
		{06D71D15-78A4-4619-A2AF-AEED888B0C0F}.Debug|Any CPU.Build.0 = Debug|Any CPU
		{06D71D15-78A4-4619-A2AF-AEED888B0C0F}.Debug|Any CPU.Deploy.0 = Debug|Any CPU
		{06D71D15-78A4-4619-A2AF-AEED888B0C0F}.Release|Any CPU.ActiveCfg = Release|Any CPU
		{06D71D15-78A4-4619-A2AF-AEED888B0C0F}.Release|Any CPU.Build.0 = Release|Any CPU
		{06D71D15-78A4-4619-A2AF-AEED888B0C0F}.Release|Any CPU.Deploy.0 = Release|Any CPU
		{671A2410-EC65-4343-BCC2-750B0D112AA8}.Debug|Any CPU.ActiveCfg = Debug|Any CPU
		{671A2410-EC65-4343-BCC2-750B0D112AA8}.Debug|Any CPU.Build.0 = Debug|Any CPU
		{671A2410-EC65-4343-BCC2-750B0D112AA8}.Release|Any CPU.ActiveCfg = Release|Any CPU
		{671A2410-EC65-4343-BCC2-750B0D112AA8}.Release|Any CPU.Build.0 = Release|Any CPU
	EndGlobalSection
	GlobalSection(SolutionProperties) = preSolution
		HideSolutionNode = FALSE
	EndGlobalSection
	GlobalSection(ExtensibilityGlobals) = postSolution
		SolutionGuid = {19B8BFEB-8B19-4096-9BCE-70DE36FA95F2}
	EndGlobalSection
EndGlobal
